{
  "name": "@luyiyanyumu/learnhub",
  "version": "0.1.3",
  "lockfileVersion": 3,
  "requires": true,
  "packages": {
    "": {
      "name": "@luyiyanyumu/learnhub",
      "version": "0.1.3",
      "license": "PolyForm-Noncommercial-1.0.0",
      "bin": {
        "learnhub": "bin/learnhub.mjs"
      },
      "engines": {
        "node": ">=22.14.0"
      }
    }
  }
}
